
Microsoft Visual Studio Solution File, Format Version 11.00
# Visual Studio 2010
Project("{FAE04EC0-301F-11D3-BF4B-00C04F79EFBC}") = "PGPArticle.Contracts", "PGPArticle.Contracts\PGPArticle.Contracts.csproj", "{B072345A-79AA-4216-A7D8-A5F3DB1DBBCA}"
EndProject
Project("{FAE04EC0-301F-11D3-BF4B-00C04F79EFBC}") = "PGPArticle.Services", "PGPArticle.Services\PGPArticle.Services.csproj", "{AA710DCF-C9AF-472B-BAEE-7F048A3EC7E7}"
EndProject
Project("{FAE04EC0-301F-11D3-BF4B-00C04F79EFBC}") = "PGPArticle.ConsoleApp", "PGPArticle.ConsoleApp\PGPArticle.ConsoleApp.csproj", "{05A3C51E-A6A7-4089-B35F-7131875FC7F2}"
EndProject
Global
	GlobalSection(SolutionConfigurationPlatforms) = preSolution
		Debug|Any CPU = Debug|Any CPU
		Debug|Mixed Platforms = Debug|Mixed Platforms
		Debug|x86 = Debug|x86
		Release|Any CPU = Release|Any CPU
		Release|Mixed Platforms = Release|Mixed Platforms
		Release|x86 = Release|x86
	EndGlobalSection
	GlobalSection(ProjectConfigurationPlatforms) = postSolution
		{B072345A-79AA-4216-A7D8-A5F3DB1DBBCA}.Debug|Any CPU.ActiveCfg = Debug|Any CPU
		{B072345A-79AA-4216-A7D8-A5F3DB1DBBCA}.Debug|Any CPU.Build.0 = Debug|Any CPU
		{B072345A-79AA-4216-A7D8-A5F3DB1DBBCA}.Debug|Mixed Platforms.ActiveCfg = Debug|Any CPU
		{B072345A-79AA-4216-A7D8-A5F3DB1DBBCA}.Debug|Mixed Platforms.Build.0 = Debug|Any CPU
		{B072345A-79AA-4216-A7D8-A5F3DB1DBBCA}.Debug|x86.ActiveCfg = Debug|Any CPU
		{B072345A-79AA-4216-A7D8-A5F3DB1DBBCA}.Release|Any CPU.ActiveCfg = Release|Any CPU
		{B072345A-79AA-4216-A7D8-A5F3DB1DBBCA}.Release|Any CPU.Build.0 = Release|Any CPU
		{B072345A-79AA-4216-A7D8-A5F3DB1DBBCA}.Release|Mixed Platforms.ActiveCfg = Release|Any CPU
		{B072345A-79AA-4216-A7D8-A5F3DB1DBBCA}.Release|Mixed Platforms.Build.0 = Release|Any CPU
		{B072345A-79AA-4216-A7D8-A5F3DB1DBBCA}.Release|x86.ActiveCfg = Release|Any CPU
		{AA710DCF-C9AF-472B-BAEE-7F048A3EC7E7}.Debug|Any CPU.ActiveCfg = Debug|Any CPU
		{AA710DCF-C9AF-472B-BAEE-7F048A3EC7E7}.Debug|Any CPU.Build.0 = Debug|Any CPU
		{AA710DCF-C9AF-472B-BAEE-7F048A3EC7E7}.Debug|Mixed Platforms.ActiveCfg = Debug|Any CPU
		{AA710DCF-C9AF-472B-BAEE-7F048A3EC7E7}.Debug|Mixed Platforms.Build.0 = Debug|Any CPU
		{AA710DCF-C9AF-472B-BAEE-7F048A3EC7E7}.Debug|x86.ActiveCfg = Debug|Any CPU
		{AA710DCF-C9AF-472B-BAEE-7F048A3EC7E7}.Release|Any CPU.ActiveCfg = Release|Any CPU
		{AA710DCF-C9AF-472B-BAEE-7F048A3EC7E7}.Release|Any CPU.Build.0 = Release|Any CPU
		{AA710DCF-C9AF-472B-BAEE-7F048A3EC7E7}.Release|Mixed Platforms.ActiveCfg = Release|Any CPU
		{AA710DCF-C9AF-472B-BAEE-7F048A3EC7E7}.Release|Mixed Platforms.Build.0 = Release|Any CPU
		{AA710DCF-C9AF-472B-BAEE-7F048A3EC7E7}.Release|x86.ActiveCfg = Release|Any CPU
		{05A3C51E-A6A7-4089-B35F-7131875FC7F2}.Debug|Any CPU.ActiveCfg = Debug|x86
		{05A3C51E-A6A7-4089-B35F-7131875FC7F2}.Debug|Mixed Platforms.ActiveCfg = Debug|x86
		{05A3C51E-A6A7-4089-B35F-7131875FC7F2}.Debug|Mixed Platforms.Build.0 = Debug|x86
		{05A3C51E-A6A7-4089-B35F-7131875FC7F2}.Debug|x86.ActiveCfg = Debug|x86
		{05A3C51E-A6A7-4089-B35F-7131875FC7F2}.Debug|x86.Build.0 = Debug|x86
		{05A3C51E-A6A7-4089-B35F-7131875FC7F2}.Release|Any CPU.ActiveCfg = Release|x86
		{05A3C51E-A6A7-4089-B35F-7131875FC7F2}.Release|Mixed Platforms.ActiveCfg = Release|x86
		{05A3C51E-A6A7-4089-B35F-7131875FC7F2}.Release|Mixed Platforms.Build.0 = Release|x86
		{05A3C51E-A6A7-4089-B35F-7131875FC7F2}.Release|x86.ActiveCfg = Release|x86
		{05A3C51E-A6A7-4089-B35F-7131875FC7F2}.Release|x86.Build.0 = Release|x86
	EndGlobalSection
	GlobalSection(SolutionProperties) = preSolution
		HideSolutionNode = FALSE
	EndGlobalSection
EndGlobal
